# THIS IS AN AUTOGENERATED FILE. DO NOT EDIT THIS FILE DIRECTLY.
# yarn lockfile v1


"@esbuild/darwin-arm64@0.25.10":
  version "0.25.10"
  resolved "https://registry.npmjs.org/@esbuild/darwin-arm64/-/darwin-arm64-0.25.10.tgz"
  integrity sha512-JC74bdXcQEpW9KkV326WpZZjLguSZ3DfS8wrrvPMHgQOIEIG/sPXEN/V8IssoJhbefLRcRqw6RQH2NnpdprtMA==

"@rollup/rollup-darwin-arm64@4.52.2":
  version "4.52.2"
  resolved "https://registry.npmjs.org/@rollup/rollup-darwin-arm64/-/rollup-darwin-arm64-4.52.2.tgz"
  integrity sha512-vngduywkkv8Fkh3wIZf5nFPXzWsNsVu1kvtLETWxTFf/5opZmflgVSeLgdHR56RQh71xhPhWoOkEBvbehwTlVA==

"@types/estree@1.0.8":
  version "1.0.8"
  resolved "https://registry.npmjs.org/@types/estree/-/estree-1.0.8.tgz"
  integrity sha512-dWHzHa2WqEXI/O1E9OjrocMTKJl2mSrEolh1Iomrv6U+JuNwaHXsXx9bLu5gG7BUWFIN0skIQJQ/L1rIex4X6w==

esbuild@^0.25.0:
  version "0.25.10"
  resolved "https://registry.npmjs.org/esbuild/-/esbuild-0.25.10.tgz"
  integrity sha512-9RiGKvCwaqxO2owP61uQ4BgNborAQskMR6QusfWzQqv7AZOg5oGehdY2pRJMTKuwxd1IDBP4rSbI5lHzU7SMsQ==
  optionalDependencies:
    "@esbuild/aix-ppc64" "0.25.10"
    "@esbuild/android-arm" "0.25.10"
    "@esbuild/android-arm64" "0.25.10"
    "@esbuild/android-x64" "0.25.10"
    "@esbuild/darwin-arm64" "0.25.10"
    "@esbuild/darwin-x64" "0.25.10"
    "@esbuild/freebsd-arm64" "0.25.10"
    "@esbuild/freebsd-x64" "0.25.10"
    "@esbuild/linux-arm" "0.25.10"
    "@esbuild/linux-arm64" "0.25.10"
    "@esbuild/linux-ia32" "0.25.10"
    "@esbuild/linux-loong64" "0.25.10"
    "@esbuild/linux-mips64el" "0.25.10"
    "@esbuild/linux-ppc64" "0.25.10"
    "@esbuild/linux-riscv64" "0.25.10"
    "@esbuild/linux-s390x" "0.25.10"
    "@esbuild/linux-x64" "0.25.10"
    "@esbuild/netbsd-arm64" "0.25.10"
    "@esbuild/netbsd-x64" "0.25.10"
    "@esbuild/openbsd-arm64" "0.25.10"
    "@esbuild/openbsd-x64" "0.25.10"
    "@esbuild/openharmony-arm64" "0.25.10"
    "@esbuild/sunos-x64" "0.25.10"
    "@esbuild/win32-arm64" "0.25.10"
    "@esbuild/win32-ia32" "0.25.10"
    "@esbuild/win32-x64" "0.25.10"

fdir@^6.5.0:
  version "6.5.0"
  resolved "https://registry.npmjs.org/fdir/-/fdir-6.5.0.tgz"
  integrity sha512-tIbYtZbucOs0BRGqPJkshJUYdL+SDH7dVM8gjy+ERp3WAUjLEFJE+02kanyHtwjWOnwrKYBiwAmM0p4kLJAnXg==

fsevents@~2.3.2, fsevents@~2.3.3:
  version "2.3.3"
  resolved "https://registry.npmjs.org/fsevents/-/fsevents-2.3.3.tgz"
  integrity sha512-5xoDfX+fL7faATnagmWPpbFtwh/R77WmMMqqHGS65C3vvB0YHrgF+B1YmZ3441tMj5n63k0212XNoJwzlhffQw==

nanoid@^3.3.11:
  version "3.3.11"
  resolved "https://registry.npmjs.org/nanoid/-/nanoid-3.3.11.tgz"
  integrity sha512-N8SpfPUnUp1bK+PMYW8qSWdl9U+wwNWI4QKxOYDy9JAro3WMX7p2OeVRF9v+347pnakNevPmiHhNmZ2HbFA76w==

picocolors@^1.1.1:
  version "1.1.1"
  resolved "https://registry.npmjs.org/picocolors/-/picocolors-1.1.1.tgz"
  integrity sha512-xceH2snhtb5M9liqDsmEw56le376mTZkEX/jEb/RxNFyegNul7eNslCXP9FDj/Lcu0X8KEyMceP2ntpaHrDEVA==

"picomatch@^3 || ^4", picomatch@^4.0.3:
  version "4.0.3"
  resolved "https://registry.npmjs.org/picomatch/-/picomatch-4.0.3.tgz"
  integrity sha512-5gTmgEY/sqK6gFXLIsQNH19lWb4ebPDLA4SdLP7dsWkIXHWlG66oPuVvXSGFPppYZz8ZDZq0dYYrbHfBCVUb1Q==

postcss@^8.5.6:
  version "8.5.6"
  resolved "https://registry.npmjs.org/postcss/-/postcss-8.5.6.tgz"
  integrity sha512-3Ybi1tAuwAP9s0r1UQ2J4n5Y0G05bJkpUIO0/bI9MhwmD70S5aTWbXGBwxHrelT+XM1k6dM0pk+SwNkpTRN7Pg==
  dependencies:
    nanoid "^3.3.11"
    picocolors "^1.1.1"
    source-map-js "^1.2.1"

rollup@^4.43.0:
  version "4.52.2"
  resolved "https://registry.npmjs.org/rollup/-/rollup-4.52.2.tgz"
  integrity sha512-I25/2QgoROE1vYV+NQ1En9T9UFB9Cmfm2CJ83zZOlaDpvz29wGQSZXWKw7MiNXau7wYgB/T9fVIdIuEQ+KbiiA==
  dependencies:
    "@types/estree" "1.0.8"
  optionalDependencies:
    "@rollup/rollup-android-arm-eabi" "4.52.2"
    "@rollup/rollup-android-arm64" "4.52.2"
    "@rollup/rollup-darwin-arm64" "4.52.2"
    "@rollup/rollup-darwin-x64" "4.52.2"
    "@rollup/rollup-freebsd-arm64" "4.52.2"
    "@rollup/rollup-freebsd-x64" "4.52.2"
    "@rollup/rollup-linux-arm-gnueabihf" "4.52.2"
    "@rollup/rollup-linux-arm-musleabihf" "4.52.2"
    "@rollup/rollup-linux-arm64-gnu" "4.52.2"
    "@rollup/rollup-linux-arm64-musl" "4.52.2"
    "@rollup/rollup-linux-loong64-gnu" "4.52.2"
    "@rollup/rollup-linux-ppc64-gnu" "4.52.2"
    "@rollup/rollup-linux-riscv64-gnu" "4.52.2"
    "@rollup/rollup-linux-riscv64-musl" "4.52.2"
    "@rollup/rollup-linux-s390x-gnu" "4.52.2"
    "@rollup/rollup-linux-x64-gnu" "4.52.2"
    "@rollup/rollup-linux-x64-musl" "4.52.2"
    "@rollup/rollup-openharmony-arm64" "4.52.2"
    "@rollup/rollup-win32-arm64-msvc" "4.52.2"
    "@rollup/rollup-win32-ia32-msvc" "4.52.2"
    "@rollup/rollup-win32-x64-gnu" "4.52.2"
    "@rollup/rollup-win32-x64-msvc" "4.52.2"
    fsevents "~2.3.2"

source-map-js@^1.2.1:
  version "1.2.1"
  resolved "https://registry.npmjs.org/source-map-js/-/source-map-js-1.2.1.tgz"
  integrity sha512-UXWMKhLOwVKb728IUtQPXxfYU+usdybtUrK/8uGE8CQMvrhOpwvzDBwj0QhSL7MQc7vIsISBG8VQ8+IDQxpfQA==

tinyglobby@^0.2.15:
  version "0.2.15"
  resolved "https://registry.npmjs.org/tinyglobby/-/tinyglobby-0.2.15.tgz"
  integrity sha512-j2Zq4NyQYG5XMST4cbs02Ak8iJUdxRM0XI5QyxXuZOzKOINmWurp3smXu3y5wDcJrptwpSjgXHzIQxR0omXljQ==
  dependencies:
    fdir "^6.5.0"
    picomatch "^4.0.3"

vite@^7.1.7:
  version "7.1.7"
  resolved "https://registry.npmjs.org/vite/-/vite-7.1.7.tgz"
  integrity sha512-VbA8ScMvAISJNJVbRDTJdCwqQoAareR/wutevKanhR2/1EkoXVZVkkORaYm/tNVCjP/UDTKtcw3bAkwOUdedmA==
  dependencies:
    esbuild "^0.25.0"
    fdir "^6.5.0"
    picomatch "^4.0.3"
    postcss "^8.5.6"
    rollup "^4.43.0"
    tinyglobby "^0.2.15"
  optionalDependencies:
    fsevents "~2.3.3"
